
Microsoft Visual Studio Solution File, Format Version 12.00
# Visual Studio Version 16
VisualStudioVersion = 16.0.30503.244
MinimumVisualStudioVersion = 10.0.40219.1
Project("{8BC9CEB8-8B4A-11D0-8D11-00A0C91BC942}") = "exercicen1", "exercicen1\exercicen1.vcxproj", "{AF1B1F80-9126-4683-B900-F0CBEFD7BD9A}"
EndProject
Project("{8BC9CEB8-8B4A-11D0-8D11-00A0C91BC942}") = "exercicen2", "exercicen2\exercicen2.vcxproj", "{F1C5DC37-6CF9-4E1F-A9B1-D607D7E64AEF}"
EndProject
Global
	GlobalSection(SolutionConfigurationPlatforms) = preSolution
		Debug|x64 = Debug|x64
		Debug|x86 = Debug|x86
		Release|x64 = Release|x64
		Release|x86 = Release|x86
	EndGlobalSection
	GlobalSection(ProjectConfigurationPlatforms) = postSolution
		{AF1B1F80-9126-4683-B900-F0CBEFD7BD9A}.Debug|x64.ActiveCfg = Debug|x64
		{AF1B1F80-9126-4683-B900-F0CBEFD7BD9A}.Debug|x64.Build.0 = Debug|x64
		{AF1B1F80-9126-4683-B900-F0CBEFD7BD9A}.Debug|x86.ActiveCfg = Debug|Win32
		{AF1B1F80-9126-4683-B900-F0CBEFD7BD9A}.Debug|x86.Build.0 = Debug|Win32
		{AF1B1F80-9126-4683-B900-F0CBEFD7BD9A}.Release|x64.ActiveCfg = Release|x64
		{AF1B1F80-9126-4683-B900-F0CBEFD7BD9A}.Release|x64.Build.0 = Release|x64
		{AF1B1F80-9126-4683-B900-F0CBEFD7BD9A}.Release|x86.ActiveCfg = Release|Win32
		{AF1B1F80-9126-4683-B900-F0CBEFD7BD9A}.Release|x86.Build.0 = Release|Win32
		{F1C5DC37-6CF9-4E1F-A9B1-D607D7E64AEF}.Debug|x64.ActiveCfg = Debug|x64
		{F1C5DC37-6CF9-4E1F-A9B1-D607D7E64AEF}.Debug|x64.Build.0 = Debug|x64
		{F1C5DC37-6CF9-4E1F-A9B1-D607D7E64AEF}.Debug|x86.ActiveCfg = Debug|Win32
		{F1C5DC37-6CF9-4E1F-A9B1-D607D7E64AEF}.Debug|x86.Build.0 = Debug|Win32
		{F1C5DC37-6CF9-4E1F-A9B1-D607D7E64AEF}.Release|x64.ActiveCfg = Release|x64
		{F1C5DC37-6CF9-4E1F-A9B1-D607D7E64AEF}.Release|x64.Build.0 = Release|x64
		{F1C5DC37-6CF9-4E1F-A9B1-D607D7E64AEF}.Release|x86.ActiveCfg = Release|Win32
		{F1C5DC37-6CF9-4E1F-A9B1-D607D7E64AEF}.Release|x86.Build.0 = Release|Win32
	EndGlobalSection
	GlobalSection(SolutionProperties) = preSolution
		HideSolutionNode = FALSE
	EndGlobalSection
	GlobalSection(ExtensibilityGlobals) = postSolution
		SolutionGuid = {AE21ED87-DA55-4A23-9702-1F81841B0FA0}
	EndGlobalSection
EndGlobal
